{
  "name": "Diagramatics",
  "lockfileVersion": 3,
  "requires": true,
  "packages": {
    "": {
      "dependencies": {
        "diagramatics": "^1.4.1"
      }
    },
    "node_modules/diagramatics": {
      "version": "1.4.1",
      "resolved": "https://registry.npmjs.org/diagramatics/-/diagramatics-1.4.1.tgz",
      "integrity": "sha512-4CHZzMDL1Ki9o3mkAB8Sgi4wqs6quXGVpxa2OKtXkiCP+GHEnaAODhf09uHrUxyHgFk4g2Uij7n1jIZLO1geYw=="
    }
  }
}
